// !$*UTF8*$!
{
	archiveVersion = 1;
	classes = {
	};
	objectVersion = 55;
	objects = {

/* Begin PBXBuildFile section */
		823B8D6528A5092400B188CB /* MemeoriesApp.swift in Sources */ = {isa = PBXBuildFile; fileRef = 823B8D6428A5092400B188CB /* MemeoriesApp.swift */; };
		823B8D6928A5092500B188CB /* Assets.xcassets in Resources */ = {isa = PBXBuildFile; fileRef = 823B8D6828A5092500B188CB /* Assets.xcassets */; };
		823B8D6C28A5092500B188CB /* Preview Assets.xcassets in Resources */ = {isa = PBXBuildFile; fileRef = 823B8D6B28A5092500B188CB /* Preview Assets.xcassets */; };
		823B8D7328A50C4D00B188CB /* AppColor.swift in Sources */ = {isa = PBXBuildFile; fileRef = 823B8D7228A50C4D00B188CB /* AppColor.swift */; };
		823B8D7628A50D0400B188CB /* ColorPreviews.swift in Sources */ = {isa = PBXBuildFile; fileRef = 823B8D7528A50D0400B188CB /* ColorPreviews.swift */; };
		823B8D7828A50D6600B188CB /* MainTabView.swift in Sources */ = {isa = PBXBuildFile; fileRef = 823B8D7728A50D6600B188CB /* MainTabView.swift */; };
		823B8D7B28A5132D00B188CB /* PostsView.swift in Sources */ = {isa = PBXBuildFile; fileRef = 823B8D7A28A5132D00B188CB /* PostsView.swift */; };
		823B8D7D28A5137000B188CB /* FriendsView.swift in Sources */ = {isa = PBXBuildFile; fileRef = 823B8D7C28A5137000B188CB /* FriendsView.swift */; };
		823B8D7F28A513AD00B188CB /* ProfileView.swift in Sources */ = {isa = PBXBuildFile; fileRef = 823B8D7E28A513AD00B188CB /* ProfileView.swift */; };
/* End PBXBuildFile section */

/* Begin PBXFileReference section */
		823B8D6128A5092400B188CB /* Memeories.app */ = {isa = PBXFileReference; explicitFileType = wrapper.application; includeInIndex = 0; path = Memeories.app; sourceTree = BUILT_PRODUCTS_DIR; };
		823B8D6428A5092400B188CB /* MemeoriesApp.swift */ = {isa = PBXFileReference; lastKnownFileType = sourcecode.swift; path = MemeoriesApp.swift; sourceTree = "<group>"; };
		823B8D6828A5092500B188CB /* Assets.xcassets */ = {isa = PBXFileReference; lastKnownFileType = folder.assetcatalog; path = Assets.xcassets; sourceTree = "<group>"; };
		823B8D6B28A5092500B188CB /* Preview Assets.xcassets */ = {isa = PBXFileReference; lastKnownFileType = folder.assetcatalog; path = "Preview Assets.xcassets"; sourceTree = "<group>"; };
		823B8D7228A50C4D00B188CB /* AppColor.swift */ = {isa = PBXFileReference; lastKnownFileType = sourcecode.swift; path = AppColor.swift; sourceTree = "<group>"; };
		823B8D7528A50D0400B188CB /* ColorPreviews.swift */ = {isa = PBXFileReference; lastKnownFileType = sourcecode.swift; path = ColorPreviews.swift; sourceTree = "<group>"; };
		823B8D7728A50D6600B188CB /* MainTabView.swift */ = {isa = PBXFileReference; lastKnownFileType = sourcecode.swift; path = MainTabView.swift; sourceTree = "<group>"; };
		823B8D7A28A5132D00B188CB /* PostsView.swift */ = {isa = PBXFileReference; lastKnownFileType = sourcecode.swift; path = PostsView.swift; sourceTree = "<group>"; };
		823B8D7C28A5137000B188CB /* FriendsView.swift */ = {isa = PBXFileReference; lastKnownFileType = sourcecode.swift; path = FriendsView.swift; sourceTree = "<group>"; };
		823B8D7E28A513AD00B188CB /* ProfileView.swift */ = {isa = PBXFileReference; lastKnownFileType = sourcecode.swift; path = ProfileView.swift; sourceTree = "<group>"; };
/* End PBXFileReference section */

/* Begin PBXFrameworksBuildPhase section */
		823B8D5E28A5092400B188CB /* Frameworks */ = {
			isa = PBXFrameworksBuildPhase;
			buildActionMask = 2147483647;
			files = (
			);
			runOnlyForDeploymentPostprocessing = 0;
		};
/* End PBXFrameworksBuildPhase section */

/* Begin PBXGroup section */
		823B8D5828A5092400B188CB = {
			isa = PBXGroup;
			children = (
				823B8D6328A5092400B188CB /* Memeories */,
				823B8D6228A5092400B188CB /* Products */,
			);
			sourceTree = "<group>";
		};
		823B8D6228A5092400B188CB /* Products */ = {
			isa = PBXGroup;
			children = (
				823B8D6128A5092400B188CB /* Memeories.app */,
			);
			name = Products;
			sourceTree = "<group>";
		};
		823B8D6328A5092400B188CB /* Memeories */ = {
			isa = PBXGroup;
			children = (
				823B8D7928A50D9300B188CB /* Views */,
				823B8D6428A5092400B188CB /* MemeoriesApp.swift */,
				823B8D6828A5092500B188CB /* Assets.xcassets */,
				823B8D6A28A5092500B188CB /* Preview Content */,
				823B8D7428A50C5200B188CB /* Resources */,
			);
			path = Memeories;
			sourceTree = "<group>";
		};
		823B8D6A28A5092500B188CB /* Preview Content */ = {
			isa = PBXGroup;
			children = (
				823B8D6B28A5092500B188CB /* Preview Assets.xcassets */,
			);
			path = "Preview Content";
			sourceTree = "<group>";
		};
		823B8D7428A50C5200B188CB /* Resources */ = {
			isa = PBXGroup;
			children = (
				823B8D7528A50D0400B188CB /* ColorPreviews.swift */,
				823B8D7228A50C4D00B188CB /* AppColor.swift */,
			);
			path = Resources;
			sourceTree = "<group>";
		};
		823B8D7928A50D9300B188CB /* Views */ = {
			isa = PBXGroup;
			children = (
				823B8D7728A50D6600B188CB /* MainTabView.swift */,
				823B8D7A28A5132D00B188CB /* PostsView.swift */,
				823B8D7C28A5137000B188CB /* FriendsView.swift */,
				823B8D7E28A513AD00B188CB /* ProfileView.swift */,
			);
			path = Views;
			sourceTree = "<group>";
		};
/* End PBXGroup section */

/* Begin PBXNativeTarget section */
		823B8D6028A5092400B188CB /* Memeories */ = {
			isa = PBXNativeTarget;
			buildConfigurationList = 823B8D6F28A5092500B188CB /* Build configuration list for PBXNativeTarget "Memeories" */;
			buildPhases = (
				823B8D5D28A5092400B188CB /* Sources */,
				823B8D5E28A5092400B188CB /* Frameworks */,
				823B8D5F28A5092400B188CB /* Resources */,
			);
			buildRules = (
			);
			dependencies = (
			);
			name = Memeories;
			productName = Memeories;
			productReference = 823B8D6128A5092400B188CB /* Memeories.app */;
			productType = "com.apple.product-type.application";
		};
/* End PBXNativeTarget section */

/* Begin PBXProject section */
		823B8D5928A5092400B188CB /* Project object */ = {
			isa = PBXProject;
			attributes = {
				BuildIndependentTargetsInParallel = 1;
				LastSwiftUpdateCheck = 1320;
				LastUpgradeCheck = 1320;
				TargetAttributes = {
					823B8D6028A5092400B188CB = {
						CreatedOnToolsVersion = 13.2.1;
					};
				};
			};
			buildConfigurationList = 823B8D5C28A5092400B188CB /* Build configuration list for PBXProject "Memeories" */;
			compatibilityVersion = "Xcode 13.0";
			developmentRegion = en;
			hasScannedForEncodings = 0;
			knownRegions = (
				en,
				Base,
			);
			mainGroup = 823B8D5828A5092400B188CB;
			productRefGroup = 823B8D6228A5092400B188CB /* Products */;
			projectDirPath = "";
			projectRoot = "";
			targets = (
				823B8D6028A5092400B188CB /* Memeories */,
			);
		};
/* End PBXProject section */

/* Begin PBXResourcesBuildPhase section */
		823B8D5F28A5092400B188CB /* Resources */ = {
			isa = PBXResourcesBuildPhase;
			buildActionMask = 2147483647;
			files = (
				823B8D6C28A5092500B188CB /* Preview Assets.xcassets in Resources */,
				823B8D6928A5092500B188CB /* Assets.xcassets in Resources */,
			);
			runOnlyForDeploymentPostprocessing = 0;
		};
/* End PBXResourcesBuildPhase section */

/* Begin PBXSourcesBuildPhase section */
		823B8D5D28A5092400B188CB /* Sources */ = {
			isa = PBXSourcesBuildPhase;
			buildActionMask = 2147483647;
			files = (
				823B8D7D28A5137000B188CB /* FriendsView.swift in Sources */,
				823B8D6528A5092400B188CB /* MemeoriesApp.swift in Sources */,
				823B8D7628A50D0400B188CB /* ColorPreviews.swift in Sources */,
				823B8D7328A50C4D00B188CB /* AppColor.swift in Sources */,
				823B8D7B28A5132D00B188CB /* PostsView.swift in Sources */,
				823B8D7F28A513AD00B188CB /* ProfileView.swift in Sources */,
				823B8D7828A50D6600B188CB /* MainTabView.swift in Sources */,
			);
			runOnlyForDeploymentPostprocessing = 0;
		};
/* End PBXSourcesBuildPhase section */

/* Begin XCBuildConfiguration section */
		823B8D6D28A5092500B188CB /* Debug */ = {
			isa = XCBuildConfiguration;
			buildSettings = {
				ALWAYS_SEARCH_USER_PATHS = NO;
				CLANG_ANALYZER_NONNULL = YES;
				CLANG_ANALYZER_NUMBER_OBJECT_CONVERSION = YES_AGGRESSIVE;
				CLANG_CXX_LANGUAGE_STANDARD = "gnu++17";
				CLANG_CXX_LIBRARY = "libc++";
				CLANG_ENABLE_MODULES = YES;
				CLANG_ENABLE_OBJC_ARC = YES;
				CLANG_ENABLE_OBJC_WEAK = YES;
				CLANG_WARN_BLOCK_CAPTURE_AUTORELEASING = YES;
				CLANG_WARN_BOOL_CONVERSION = YES;
				CLANG_WARN_COMMA = YES;
				CLANG_WARN_CONSTANT_CONVERSION = YES;
				CLANG_WARN_DEPRECATED_OBJC_IMPLEMENTATIONS = YES;
				CLANG_WARN_DIRECT_OBJC_ISA_USAGE = YES_ERROR;
				CLANG_WARN_DOCUMENTATION_COMMENTS = YES;
				CLANG_WARN_EMPTY_BODY = YES;
				CLANG_WARN_ENUM_CONVERSION = YES;
				CLANG_WARN_INFINITE_RECURSION = YES;
				CLANG_WARN_INT_CONVERSION = YES;
				CLANG_WARN_NON_LITERAL_NULL_CONVERSION = YES;
				CLANG_WARN_OBJC_IMPLICIT_RETAIN_SELF = YES;
				CLANG_WARN_OBJC_LITERAL_CONVERSION = YES;
				CLANG_WARN_OBJC_ROOT_CLASS = YES_ERROR;
				CLANG_WARN_QUOTED_INCLUDE_IN_FRAMEWORK_HEADER = YES;
				CLANG_WARN_RANGE_LOOP_ANALYSIS = YES;
				CLANG_WARN_STRICT_PROTOTYPES = YES;
				CLANG_WARN_SUSPICIOUS_MOVE = YES;
				CLANG_WARN_UNGUARDED_AVAILABILITY = YES_AGGRESSIVE;
				CLANG_WARN_UNREACHABLE_CODE = YES;
				CLANG_WARN__DUPLICATE_METHOD_MATCH = YES;
				COPY_PHASE_STRIP = NO;
				DEBUG_INFORMATION_FORMAT = dwarf;
				ENABLE_STRICT_OBJC_MSGSEND = YES;
				ENABLE_TESTABILITY = YES;
				GCC_C_LANGUAGE_STANDARD = gnu11;
				GCC_DYNAMIC_NO_PIC = NO;
				GCC_NO_COMMON_BLOCKS = YES;
				GCC_OPTIMIZATION_LEVEL = 0;
				GCC_PREPROCESSOR_DEFINITIONS = (
					"DEBUG=1",
					"$(inherited)",
				);
				GCC_WARN_64_TO_32_BIT_CONVERSION = YES;
				GCC_WARN_ABOUT_RETURN_TYPE = YES_ERROR;
				GCC_WARN_UNDECLARED_SELECTOR = YES;
				GCC_WARN_UNINITIALIZED_AUTOS = YES_AGGRESSIVE;
				GCC_WARN_UNUSED_FUNCTION = YES;
				GCC_WARN_UNUSED_VARIABLE = YES;
				IPHONEOS_DEPLOYMENT_TARGET = 15.2;
				MTL_ENABLE_DEBUG_INFO = INCLUDE_SOURCE;
				MTL_FAST_MATH = YES;
				ONLY_ACTIVE_ARCH = YES;
				SDKROOT = iphoneos;
				SWIFT_ACTIVE_COMPILATION_CONDITIONS = DEBUG;
				SWIFT_OPTIMIZATION_LEVEL = "-Onone";
			};
			name = Debug;
		};
		823B8D6E28A5092500B188CB /* Release */ = {
			isa = XCBuildConfiguration;
			buildSettings = {
				ALWAYS_SEARCH_USER_PATHS = NO;
				CLANG_ANALYZER_NONNULL = YES;
				CLANG_ANALYZER_NUMBER_OBJECT_CONVERSION = YES_AGGRESSIVE;
				CLANG_CXX_LANGUAGE_STANDARD = "gnu++17";
				CLANG_CXX_LIBRARY = "libc++";
				CLANG_ENABLE_MODULES = YES;
				CLANG_ENABLE_OBJC_ARC = YES;
				CLANG_ENABLE_OBJC_WEAK = YES;
				CLANG_WARN_BLOCK_CAPTURE_AUTORELEASING = YES;
				CLANG_WARN_BOOL_CONVERSION = YES;
				CLANG_WARN_COMMA = YES;
				CLANG_WARN_CONSTANT_CONVERSION = YES;
				CLANG_WARN_DEPRECATED_OBJC_IMPLEMENTATIONS = YES;
				CLANG_WARN_DIRECT_OBJC_ISA_USAGE = YES_ERROR;
				CLANG_WARN_DOCUMENTATION_COMMENTS = YES;
				CLANG_WARN_EMPTY_BODY = YES;
				CLANG_WARN_ENUM_CONVERSION = YES;
				CLANG_WARN_INFINITE_RECURSION = YES;
				CLANG_WARN_INT_CONVERSION = YES;
				CLANG_WARN_NON_LITERAL_NULL_CONVERSION = YES;
				CLANG_WARN_OBJC_IMPLICIT_RETAIN_SELF = YES;
				CLANG_WARN_OBJC_LITERAL_CONVERSION = YES;
				CLANG_WARN_OBJC_ROOT_CLASS = YES_ERROR;
				CLANG_WARN_QUOTED_INCLUDE_IN_FRAMEWORK_HEADER = YES;
				CLANG_WARN_RANGE_LOOP_ANALYSIS = YES;
				CLANG_WARN_STRICT_PROTOTYPES = YES;
				CLANG_WARN_SUSPICIOUS_MOVE = YES;
				CLANG_WARN_UNGUARDED_AVAILABILITY = YES_AGGRESSIVE;
				CLANG_WARN_UNREACHABLE_CODE = YES;
				CLANG_WARN__DUPLICATE_METHOD_MATCH = YES;
				COPY_PHASE_STRIP = NO;
				DEBUG_INFORMATION_FORMAT = "dwarf-with-dsym";
				ENABLE_NS_ASSERTIONS = NO;
				ENABLE_STRICT_OBJC_MSGSEND = YES;
				GCC_C_LANGUAGE_STANDARD = gnu11;
				GCC_NO_COMMON_BLOCKS = YES;
				GCC_WARN_64_TO_32_BIT_CONVERSION = YES;
				GCC_WARN_ABOUT_RETURN_TYPE = YES_ERROR;
				GCC_WARN_UNDECLARED_SELECTOR = YES;
				GCC_WARN_UNINITIALIZED_AUTOS = YES_AGGRESSIVE;
				GCC_WARN_UNUSED_FUNCTION = YES;
				GCC_WARN_UNUSED_VARIABLE = YES;
				IPHONEOS_DEPLOYMENT_TARGET = 15.2;
				MTL_ENABLE_DEBUG_INFO = NO;
				MTL_FAST_MATH = YES;
				SDKROOT = iphoneos;
				SWIFT_COMPILATION_MODE = wholemodule;
				SWIFT_OPTIMIZATION_LEVEL = "-O";
				VALIDATE_PRODUCT = YES;
			};
			name = Release;
		};
		823B8D7028A5092500B188CB /* Debug */ = {
			isa = XCBuildConfiguration;
			buildSettings = {
				ASSETCATALOG_COMPILER_APPICON_NAME = AppIcon;
				ASSETCATALOG_COMPILER_GLOBAL_ACCENT_COLOR_NAME = AccentColor;
				CODE_SIGN_STYLE = Automatic;
				CURRENT_PROJECT_VERSION = 1;
				DEVELOPMENT_ASSET_PATHS = "\"Memeories/Preview Content\"";
				DEVELOPMENT_TEAM = VA2ABRFQCM;
				ENABLE_PREVIEWS = YES;
				GENERATE_INFOPLIST_FILE = YES;
				INFOPLIST_KEY_UIApplicationSceneManifest_Generation = YES;
				INFOPLIST_KEY_UIApplicationSupportsIndirectInputEvents = YES;
				INFOPLIST_KEY_UILaunchScreen_Generation = YES;
				INFOPLIST_KEY_UISupportedInterfaceOrientations_iPad = "UIInterfaceOrientationPortrait UIInterfaceOrientationPortraitUpsideDown UIInterfaceOrientationLandscapeLeft UIInterfaceOrientationLandscapeRight";
				INFOPLIST_KEY_UISupportedInterfaceOrientations_iPhone = "UIInterfaceOrientationPortrait UIInterfaceOrientationLandscapeLeft UIInterfaceOrientationLandscapeRight";
				LD_RUNPATH_SEARCH_PATHS = (
					"$(inherited)",
					"@executable_path/Frameworks",
				);
				MARKETING_VERSION = 1.0;
				PRODUCT_BUNDLE_IDENTIFIER = "Tymoteusz-Palinski.Memeories";
				PRODUCT_NAME = "$(TARGET_NAME)";
				SWIFT_EMIT_LOC_STRINGS = YES;
				SWIFT_VERSION = 5.0;
				TARGETED_DEVICE_FAMILY = "1,2";
			};
			name = Debug;
		};
		823B8D7128A5092500B188CB /* Release */ = {
			isa = XCBuildConfiguration;
			buildSettings = {
				ASSETCATALOG_COMPILER_APPICON_NAME = AppIcon;
				ASSETCATALOG_COMPILER_GLOBAL_ACCENT_COLOR_NAME = AccentColor;
				CODE_SIGN_STYLE = Automatic;
				CURRENT_PROJECT_VERSION = 1;
				DEVELOPMENT_ASSET_PATHS = "\"Memeories/Preview Content\"";
				DEVELOPMENT_TEAM = VA2ABRFQCM;
				ENABLE_PREVIEWS = YES;
				GENERATE_INFOPLIST_FILE = YES;
				INFOPLIST_KEY_UIApplicationSceneManifest_Generation = YES;
				INFOPLIST_KEY_UIApplicationSupportsIndirectInputEvents = YES;
				INFOPLIST_KEY_UILaunchScreen_Generation = YES;
				INFOPLIST_KEY_UISupportedInterfaceOrientations_iPad = "UIInterfaceOrientationPortrait UIInterfaceOrientationPortraitUpsideDown UIInterfaceOrientationLandscapeLeft UIInterfaceOrientationLandscapeRight";
				INFOPLIST_KEY_UISupportedInterfaceOrientations_iPhone = "UIInterfaceOrientationPortrait UIInterfaceOrientationLandscapeLeft UIInterfaceOrientationLandscapeRight";
				LD_RUNPATH_SEARCH_PATHS = (
					"$(inherited)",
					"@executable_path/Frameworks",
				);
				MARKETING_VERSION = 1.0;
				PRODUCT_BUNDLE_IDENTIFIER = "Tymoteusz-Palinski.Memeories";
				PRODUCT_NAME = "$(TARGET_NAME)";
				SWIFT_EMIT_LOC_STRINGS = YES;
				SWIFT_VERSION = 5.0;
				TARGETED_DEVICE_FAMILY = "1,2";
			};
			name = Release;
		};
/* End XCBuildConfiguration section */

/* Begin XCConfigurationList section */
		823B8D5C28A5092400B188CB /* Build configuration list for PBXProject "Memeories" */ = {
			isa = XCConfigurationList;
			buildConfigurations = (
				823B8D6D28A5092500B188CB /* Debug */,
				823B8D6E28A5092500B188CB /* Release */,
			);
			defaultConfigurationIsVisible = 0;
			defaultConfigurationName = Release;
		};
		823B8D6F28A5092500B188CB /* Build configuration list for PBXNativeTarget "Memeories" */ = {
			isa = XCConfigurationList;
			buildConfigurations = (
				823B8D7028A5092500B188CB /* Debug */,
				823B8D7128A5092500B188CB /* Release */,
			);
			defaultConfigurationIsVisible = 0;
			defaultConfigurationName = Release;
		};
/* End XCConfigurationList section */
	};
	rootObject = 823B8D5928A5092400B188CB /* Project object */;
}
